// !$*UTF8*$!
{
	archiveVersion = 1;
	classes = {
	};
	objectVersion = 51;
	objects = {

/* Begin PBXBuildFile section */
		76139E89234F6FE80015AD55 /* CurrentWeather.swift in Sources */ = {isa = PBXBuildFile; fileRef = 76139E88234F6FE80015AD55 /* CurrentWeather.swift */; };
		7626D453235387BB00597D05 /* WeatherViewController.swift in Sources */ = {isa = PBXBuildFile; fileRef = 7626D452235387BB00597D05 /* WeatherViewController.swift */; };
		7670E1C4234FCA8E000C71BC /* HourlyForecast.swift in Sources */ = {isa = PBXBuildFile; fileRef = 7670E1C3234FCA8E000C71BC /* HourlyForecast.swift */; };
		767D061A23414665005D9057 /* AppDelegate.swift in Sources */ = {isa = PBXBuildFile; fileRef = 767D061923414665005D9057 /* AppDelegate.swift */; };
		767D061C23414665005D9057 /* SceneDelegate.swift in Sources */ = {isa = PBXBuildFile; fileRef = 767D061B23414665005D9057 /* SceneDelegate.swift */; };
		767D062123414665005D9057 /* Main.storyboard in Resources */ = {isa = PBXBuildFile; fileRef = 767D061F23414665005D9057 /* Main.storyboard */; };
		767D062323414667005D9057 /* Assets.xcassets in Resources */ = {isa = PBXBuildFile; fileRef = 767D062223414667005D9057 /* Assets.xcassets */; };
		767D062623414667005D9057 /* LaunchScreen.storyboard in Resources */ = {isa = PBXBuildFile; fileRef = 767D062423414667005D9057 /* LaunchScreen.storyboard */; };
		769F49DD23546FFF00E8A170 /* WeatherView.swift in Sources */ = {isa = PBXBuildFile; fileRef = 769F49DB23546FFF00E8A170 /* WeatherView.swift */; };
		769F49DE23546FFF00E8A170 /* WeatherView.xib in Resources */ = {isa = PBXBuildFile; fileRef = 769F49DC23546FFF00E8A170 /* WeatherView.xib */; };
		76BC15C0234F833200E0EE9B /* GlobalHelpers.swift in Sources */ = {isa = PBXBuildFile; fileRef = 76BC15BF234F833200E0EE9B /* GlobalHelpers.swift */; };
		76CA94DC236DA2A8000D1A72 /* ForecastCollectionViewCell.swift in Sources */ = {isa = PBXBuildFile; fileRef = 76CA94DA236DA2A8000D1A72 /* ForecastCollectionViewCell.swift */; };
		76CA94DD236DA2A8000D1A72 /* ForecastCollectionViewCell.xib in Resources */ = {isa = PBXBuildFile; fileRef = 76CA94DB236DA2A8000D1A72 /* ForecastCollectionViewCell.xib */; };
		76CA94E4236DB185000D1A72 /* InfoCollectionViewCell.swift in Sources */ = {isa = PBXBuildFile; fileRef = 76CA94E2236DB185000D1A72 /* InfoCollectionViewCell.swift */; };
		76CA94E5236DB185000D1A72 /* InfoCollectionViewCell.xib in Resources */ = {isa = PBXBuildFile; fileRef = 76CA94E3236DB185000D1A72 /* InfoCollectionViewCell.xib */; };
		76CA94E7236DB340000D1A72 /* WeatherInfo.swift in Sources */ = {isa = PBXBuildFile; fileRef = 76CA94E6236DB340000D1A72 /* WeatherInfo.swift */; };
		76CA94EA236DFFA6000D1A72 /* WeatherTableViewCell.swift in Sources */ = {isa = PBXBuildFile; fileRef = 76CA94E8236DFFA6000D1A72 /* WeatherTableViewCell.swift */; };
		76CA94EB236DFFA6000D1A72 /* WeatherTableViewCell.xib in Resources */ = {isa = PBXBuildFile; fileRef = 76CA94E9236DFFA6000D1A72 /* WeatherTableViewCell.xib */; };
		76D5B463235E66C000DAF06F /* Extensions.swift in Sources */ = {isa = PBXBuildFile; fileRef = 76D5B462235E66C000DAF06F /* Extensions.swift */; };
		76F9EDF9235138E9002B14C0 /* WeeklyWeatherForecast.swift in Sources */ = {isa = PBXBuildFile; fileRef = 76F9EDF8235138E9002B14C0 /* WeeklyWeatherForecast.swift */; };
		97C0D9FF25AD173B2B5C428D /* Pods_Swifty_Weather.framework in Frameworks */ = {isa = PBXBuildFile; fileRef = 25C9D9A566906FE276335963 /* Pods_Swifty_Weather.framework */; };
/* End PBXBuildFile section */

/* Begin PBXFileReference section */
		187F502745C5E358A989E2E8 /* Pods-Swifty Weather.debug.xcconfig */ = {isa = PBXFileReference; includeInIndex = 1; lastKnownFileType = text.xcconfig; name = "Pods-Swifty Weather.debug.xcconfig"; path = "Target Support Files/Pods-Swifty Weather/Pods-Swifty Weather.debug.xcconfig"; sourceTree = "<group>"; };
		25C9D9A566906FE276335963 /* Pods_Swifty_Weather.framework */ = {isa = PBXFileReference; explicitFileType = wrapper.framework; includeInIndex = 0; path = Pods_Swifty_Weather.framework; sourceTree = BUILT_PRODUCTS_DIR; };
		76139E88234F6FE80015AD55 /* CurrentWeather.swift */ = {isa = PBXFileReference; lastKnownFileType = sourcecode.swift; path = CurrentWeather.swift; sourceTree = "<group>"; };
		7626D452235387BB00597D05 /* WeatherViewController.swift */ = {isa = PBXFileReference; lastKnownFileType = sourcecode.swift; path = WeatherViewController.swift; sourceTree = "<group>"; };
		7670E1C3234FCA8E000C71BC /* HourlyForecast.swift */ = {isa = PBXFileReference; lastKnownFileType = sourcecode.swift; path = HourlyForecast.swift; sourceTree = "<group>"; };
		767D061623414665005D9057 /* Swifty Weather.app */ = {isa = PBXFileReference; explicitFileType = wrapper.application; includeInIndex = 0; path = "Swifty Weather.app"; sourceTree = BUILT_PRODUCTS_DIR; };
		767D061923414665005D9057 /* AppDelegate.swift */ = {isa = PBXFileReference; lastKnownFileType = sourcecode.swift; path = AppDelegate.swift; sourceTree = "<group>"; };
		767D061B23414665005D9057 /* SceneDelegate.swift */ = {isa = PBXFileReference; lastKnownFileType = sourcecode.swift; path = SceneDelegate.swift; sourceTree = "<group>"; };
		767D062023414665005D9057 /* Base */ = {isa = PBXFileReference; lastKnownFileType = file.storyboard; name = Base; path = Base.lproj/Main.storyboard; sourceTree = "<group>"; };
		767D062223414667005D9057 /* Assets.xcassets */ = {isa = PBXFileReference; lastKnownFileType = folder.assetcatalog; path = Assets.xcassets; sourceTree = "<group>"; };
		767D062523414667005D9057 /* Base */ = {isa = PBXFileReference; lastKnownFileType = file.storyboard; name = Base; path = Base.lproj/LaunchScreen.storyboard; sourceTree = "<group>"; };
		767D062723414667005D9057 /* Info.plist */ = {isa = PBXFileReference; lastKnownFileType = text.plist.xml; path = Info.plist; sourceTree = "<group>"; };
		769F49DB23546FFF00E8A170 /* WeatherView.swift */ = {isa = PBXFileReference; lastKnownFileType = sourcecode.swift; path = WeatherView.swift; sourceTree = "<group>"; };
		769F49DC23546FFF00E8A170 /* WeatherView.xib */ = {isa = PBXFileReference; lastKnownFileType = file.xib; path = WeatherView.xib; sourceTree = "<group>"; };
		76BC15BF234F833200E0EE9B /* GlobalHelpers.swift */ = {isa = PBXFileReference; lastKnownFileType = sourcecode.swift; path = GlobalHelpers.swift; sourceTree = "<group>"; };
		76CA94DA236DA2A8000D1A72 /* ForecastCollectionViewCell.swift */ = {isa = PBXFileReference; lastKnownFileType = sourcecode.swift; path = ForecastCollectionViewCell.swift; sourceTree = "<group>"; };
		76CA94DB236DA2A8000D1A72 /* ForecastCollectionViewCell.xib */ = {isa = PBXFileReference; lastKnownFileType = file.xib; path = ForecastCollectionViewCell.xib; sourceTree = "<group>"; };
		76CA94E2236DB185000D1A72 /* InfoCollectionViewCell.swift */ = {isa = PBXFileReference; lastKnownFileType = sourcecode.swift; path = InfoCollectionViewCell.swift; sourceTree = "<group>"; };
		76CA94E3236DB185000D1A72 /* InfoCollectionViewCell.xib */ = {isa = PBXFileReference; lastKnownFileType = file.xib; path = InfoCollectionViewCell.xib; sourceTree = "<group>"; };
		76CA94E6236DB340000D1A72 /* WeatherInfo.swift */ = {isa = PBXFileReference; lastKnownFileType = sourcecode.swift; path = WeatherInfo.swift; sourceTree = "<group>"; };
		76CA94E8236DFFA6000D1A72 /* WeatherTableViewCell.swift */ = {isa = PBXFileReference; lastKnownFileType = sourcecode.swift; path = WeatherTableViewCell.swift; sourceTree = "<group>"; };
		76CA94E9236DFFA6000D1A72 /* WeatherTableViewCell.xib */ = {isa = PBXFileReference; lastKnownFileType = file.xib; path = WeatherTableViewCell.xib; sourceTree = "<group>"; };
		76D5B462235E66C000DAF06F /* Extensions.swift */ = {isa = PBXFileReference; lastKnownFileType = sourcecode.swift; path = Extensions.swift; sourceTree = "<group>"; };
		76F9EDF8235138E9002B14C0 /* WeeklyWeatherForecast.swift */ = {isa = PBXFileReference; lastKnownFileType = sourcecode.swift; path = WeeklyWeatherForecast.swift; sourceTree = "<group>"; };
		92CD529F018B1E8C7F9C4C3D /* Pods-Swifty Weather.release.xcconfig */ = {isa = PBXFileReference; includeInIndex = 1; lastKnownFileType = text.xcconfig; name = "Pods-Swifty Weather.release.xcconfig"; path = "Target Support Files/Pods-Swifty Weather/Pods-Swifty Weather.release.xcconfig"; sourceTree = "<group>"; };
/* End PBXFileReference section */

/* Begin PBXFrameworksBuildPhase section */
		767D061323414665005D9057 /* Frameworks */ = {
			isa = PBXFrameworksBuildPhase;
			buildActionMask = 2147483647;
			files = (
				97C0D9FF25AD173B2B5C428D /* Pods_Swifty_Weather.framework in Frameworks */,
			);
			runOnlyForDeploymentPostprocessing = 0;
		};
/* End PBXFrameworksBuildPhase section */

/* Begin PBXGroup section */
		4752B72F825F0405168726BA /* Pods */ = {
			isa = PBXGroup;
			children = (
				187F502745C5E358A989E2E8 /* Pods-Swifty Weather.debug.xcconfig */,
				92CD529F018B1E8C7F9C4C3D /* Pods-Swifty Weather.release.xcconfig */,
			);
			path = Pods;
			sourceTree = "<group>";
		};
		76139E8A234F6FEF0015AD55 /* Model */ = {
			isa = PBXGroup;
			children = (
				76139E88234F6FE80015AD55 /* CurrentWeather.swift */,
				7670E1C3234FCA8E000C71BC /* HourlyForecast.swift */,
				76F9EDF8235138E9002B14C0 /* WeeklyWeatherForecast.swift */,
			);
			path = Model;
			sourceTree = "<group>";
		};
		76342395236EFE8100F55A07 /* Extensions */ = {
			isa = PBXGroup;
			children = (
				76D5B462235E66C000DAF06F /* Extensions.swift */,
			);
			path = Extensions;
			sourceTree = "<group>";
		};
		76342396236EFE9700F55A07 /* Model Helpers */ = {
			isa = PBXGroup;
			children = (
				76CA94E6236DB340000D1A72 /* WeatherInfo.swift */,
			);
			path = "Model Helpers";
			sourceTree = "<group>";
		};
		76342397236EFEB300F55A07 /* Helpers */ = {
			isa = PBXGroup;
			children = (
				76BC15BF234F833200E0EE9B /* GlobalHelpers.swift */,
			);
			path = Helpers;
			sourceTree = "<group>";
		};
		767D060D23414665005D9057 = {
			isa = PBXGroup;
			children = (
				767D061823414665005D9057 /* Swifty Weather */,
				767D061723414665005D9057 /* Products */,
				4752B72F825F0405168726BA /* Pods */,
				FF1D6FC92283B173E66C4E7B /* Frameworks */,
			);
			sourceTree = "<group>";
		};
		767D061723414665005D9057 /* Products */ = {
			isa = PBXGroup;
			children = (
				767D061623414665005D9057 /* Swifty Weather.app */,
			);
			name = Products;
			sourceTree = "<group>";
		};
		767D061823414665005D9057 /* Swifty Weather */ = {
			isa = PBXGroup;
			children = (
				767D061923414665005D9057 /* AppDelegate.swift */,
				7626D452235387BB00597D05 /* WeatherViewController.swift */,
				76342395236EFE8100F55A07 /* Extensions */,
				769C669D23548BDB007069D9 /* Views */,
				76342396236EFE9700F55A07 /* Model Helpers */,
				767D061B23414665005D9057 /* SceneDelegate.swift */,
				76342397236EFEB300F55A07 /* Helpers */,
				76139E8A234F6FEF0015AD55 /* Model */,
				767D061F23414665005D9057 /* Main.storyboard */,
				767D062223414667005D9057 /* Assets.xcassets */,
				767D062423414667005D9057 /* LaunchScreen.storyboard */,
				767D062723414667005D9057 /* Info.plist */,
			);
			path = "Swifty Weather";
			sourceTree = "<group>";
		};
		769C669D23548BDB007069D9 /* Views */ = {
			isa = PBXGroup;
			children = (
				769F49DB23546FFF00E8A170 /* WeatherView.swift */,
				769F49DC23546FFF00E8A170 /* WeatherView.xib */,
				76CA94DA236DA2A8000D1A72 /* ForecastCollectionViewCell.swift */,
				76CA94DB236DA2A8000D1A72 /* ForecastCollectionViewCell.xib */,
				76CA94E2236DB185000D1A72 /* InfoCollectionViewCell.swift */,
				76CA94E3236DB185000D1A72 /* InfoCollectionViewCell.xib */,
				76CA94E8236DFFA6000D1A72 /* WeatherTableViewCell.swift */,
				76CA94E9236DFFA6000D1A72 /* WeatherTableViewCell.xib */,
			);
			path = Views;
			sourceTree = "<group>";
		};
		FF1D6FC92283B173E66C4E7B /* Frameworks */ = {
			isa = PBXGroup;
			children = (
				25C9D9A566906FE276335963 /* Pods_Swifty_Weather.framework */,
			);
			name = Frameworks;
			sourceTree = "<group>";
		};
/* End PBXGroup section */

/* Begin PBXNativeTarget section */
		767D061523414665005D9057 /* Swifty Weather */ = {
			isa = PBXNativeTarget;
			buildConfigurationList = 767D062A23414667005D9057 /* Build configuration list for PBXNativeTarget "Swifty Weather" */;
			buildPhases = (
				609F2FEBB306B5951F26C977 /* [CP] Check Pods Manifest.lock */,
				767D061223414665005D9057 /* Sources */,
				767D061323414665005D9057 /* Frameworks */,
				767D061423414665005D9057 /* Resources */,
				34938D8AEF2525B9096415E8 /* [CP] Embed Pods Frameworks */,
			);
			buildRules = (
			);
			dependencies = (
			);
			name = "Swifty Weather";
			productName = "Swifty Weather";
			productReference = 767D061623414665005D9057 /* Swifty Weather.app */;
			productType = "com.apple.product-type.application";
		};
/* End PBXNativeTarget section */

/* Begin PBXProject section */
		767D060E23414665005D9057 /* Project object */ = {
			isa = PBXProject;
			attributes = {
				LastSwiftUpdateCheck = 1100;
				LastUpgradeCheck = 1100;
				ORGANIZATIONNAME = "Ahmed Afifi";
				TargetAttributes = {
					767D061523414665005D9057 = {
						CreatedOnToolsVersion = 11.0;
					};
				};
			};
			buildConfigurationList = 767D061123414665005D9057 /* Build configuration list for PBXProject "Swifty Weather" */;
			compatibilityVersion = "Xcode 9.3";
			developmentRegion = en;
			hasScannedForEncodings = 0;
			knownRegions = (
				en,
				Base,
			);
			mainGroup = 767D060D23414665005D9057;
			productRefGroup = 767D061723414665005D9057 /* Products */;
			projectDirPath = "";
			projectRoot = "";
			targets = (
				767D061523414665005D9057 /* Swifty Weather */,
			);
		};
/* End PBXProject section */

/* Begin PBXResourcesBuildPhase section */
		767D061423414665005D9057 /* Resources */ = {
			isa = PBXResourcesBuildPhase;
			buildActionMask = 2147483647;
			files = (
				76CA94E5236DB185000D1A72 /* InfoCollectionViewCell.xib in Resources */,
				767D062623414667005D9057 /* LaunchScreen.storyboard in Resources */,
				767D062323414667005D9057 /* Assets.xcassets in Resources */,
				767D062123414665005D9057 /* Main.storyboard in Resources */,
				76CA94DD236DA2A8000D1A72 /* ForecastCollectionViewCell.xib in Resources */,
				769F49DE23546FFF00E8A170 /* WeatherView.xib in Resources */,
				76CA94EB236DFFA6000D1A72 /* WeatherTableViewCell.xib in Resources */,
			);
			runOnlyForDeploymentPostprocessing = 0;
		};
/* End PBXResourcesBuildPhase section */

/* Begin PBXShellScriptBuildPhase section */
		34938D8AEF2525B9096415E8 /* [CP] Embed Pods Frameworks */ = {
			isa = PBXShellScriptBuildPhase;
			buildActionMask = 2147483647;
			files = (
			);
			inputFileListPaths = (
				"${PODS_ROOT}/Target Support Files/Pods-Swifty Weather/Pods-Swifty Weather-frameworks-${CONFIGURATION}-input-files.xcfilelist",
			);
			name = "[CP] Embed Pods Frameworks";
			outputFileListPaths = (
				"${PODS_ROOT}/Target Support Files/Pods-Swifty Weather/Pods-Swifty Weather-frameworks-${CONFIGURATION}-output-files.xcfilelist",
			);
			runOnlyForDeploymentPostprocessing = 0;
			shellPath = /bin/sh;
			shellScript = "\"${PODS_ROOT}/Target Support Files/Pods-Swifty Weather/Pods-Swifty Weather-frameworks.sh\"\n";
			showEnvVarsInLog = 0;
		};
		609F2FEBB306B5951F26C977 /* [CP] Check Pods Manifest.lock */ = {
			isa = PBXShellScriptBuildPhase;
			buildActionMask = 2147483647;
			files = (
			);
			inputFileListPaths = (
			);
			inputPaths = (
				"${PODS_PODFILE_DIR_PATH}/Podfile.lock",
				"${PODS_ROOT}/Manifest.lock",
			);
			name = "[CP] Check Pods Manifest.lock";
			outputFileListPaths = (
			);
			outputPaths = (
				"$(DERIVED_FILE_DIR)/Pods-Swifty Weather-checkManifestLockResult.txt",
			);
			runOnlyForDeploymentPostprocessing = 0;
			shellPath = /bin/sh;
			shellScript = "diff \"${PODS_PODFILE_DIR_PATH}/Podfile.lock\" \"${PODS_ROOT}/Manifest.lock\" > /dev/null\nif [ $? != 0 ] ; then\n    # print error to STDERR\n    echo \"error: The sandbox is not in sync with the Podfile.lock. Run 'pod install' or update your CocoaPods installation.\" >&2\n    exit 1\nfi\n# This output is used by Xcode 'outputs' to avoid re-running this script phase.\necho \"SUCCESS\" > \"${SCRIPT_OUTPUT_FILE_0}\"\n";
			showEnvVarsInLog = 0;
		};
/* End PBXShellScriptBuildPhase section */

/* Begin PBXSourcesBuildPhase section */
		767D061223414665005D9057 /* Sources */ = {
			isa = PBXSourcesBuildPhase;
			buildActionMask = 2147483647;
			files = (
				767D061A23414665005D9057 /* AppDelegate.swift in Sources */,
				76D5B463235E66C000DAF06F /* Extensions.swift in Sources */,
				76F9EDF9235138E9002B14C0 /* WeeklyWeatherForecast.swift in Sources */,
				76BC15C0234F833200E0EE9B /* GlobalHelpers.swift in Sources */,
				7670E1C4234FCA8E000C71BC /* HourlyForecast.swift in Sources */,
				7626D453235387BB00597D05 /* WeatherViewController.swift in Sources */,
				76139E89234F6FE80015AD55 /* CurrentWeather.swift in Sources */,
				767D061C23414665005D9057 /* SceneDelegate.swift in Sources */,
				76CA94E7236DB340000D1A72 /* WeatherInfo.swift in Sources */,
				76CA94DC236DA2A8000D1A72 /* ForecastCollectionViewCell.swift in Sources */,
				76CA94E4236DB185000D1A72 /* InfoCollectionViewCell.swift in Sources */,
				76CA94EA236DFFA6000D1A72 /* WeatherTableViewCell.swift in Sources */,
				769F49DD23546FFF00E8A170 /* WeatherView.swift in Sources */,
			);
			runOnlyForDeploymentPostprocessing = 0;
		};
/* End PBXSourcesBuildPhase section */

/* Begin PBXVariantGroup section */
		767D061F23414665005D9057 /* Main.storyboard */ = {
			isa = PBXVariantGroup;
			children = (
				767D062023414665005D9057 /* Base */,
			);
			name = Main.storyboard;
			sourceTree = "<group>";
		};
		767D062423414667005D9057 /* LaunchScreen.storyboard */ = {
			isa = PBXVariantGroup;
			children = (
				767D062523414667005D9057 /* Base */,
			);
			name = LaunchScreen.storyboard;
			sourceTree = "<group>";
		};
/* End PBXVariantGroup section */

/* Begin XCBuildConfiguration section */
		767D062823414667005D9057 /* Debug */ = {
			isa = XCBuildConfiguration;
			buildSettings = {
				ALWAYS_SEARCH_USER_PATHS = NO;
				CLANG_ANALYZER_NONNULL = YES;
				CLANG_ANALYZER_NUMBER_OBJECT_CONVERSION = YES_AGGRESSIVE;
				CLANG_CXX_LANGUAGE_STANDARD = "gnu++14";
				CLANG_CXX_LIBRARY = "libc++";
				CLANG_ENABLE_MODULES = YES;
				CLANG_ENABLE_OBJC_ARC = YES;
				CLANG_ENABLE_OBJC_WEAK = YES;
				CLANG_WARN_BLOCK_CAPTURE_AUTORELEASING = YES;
				CLANG_WARN_BOOL_CONVERSION = YES;
				CLANG_WARN_COMMA = YES;
				CLANG_WARN_CONSTANT_CONVERSION = YES;
				CLANG_WARN_DEPRECATED_OBJC_IMPLEMENTATIONS = YES;
				CLANG_WARN_DIRECT_OBJC_ISA_USAGE = YES_ERROR;
				CLANG_WARN_DOCUMENTATION_COMMENTS = YES;
				CLANG_WARN_EMPTY_BODY = YES;
				CLANG_WARN_ENUM_CONVERSION = YES;
				CLANG_WARN_INFINITE_RECURSION = YES;
				CLANG_WARN_INT_CONVERSION = YES;
				CLANG_WARN_NON_LITERAL_NULL_CONVERSION = YES;
				CLANG_WARN_OBJC_IMPLICIT_RETAIN_SELF = YES;
				CLANG_WARN_OBJC_LITERAL_CONVERSION = YES;
				CLANG_WARN_OBJC_ROOT_CLASS = YES_ERROR;
				CLANG_WARN_RANGE_LOOP_ANALYSIS = YES;
				CLANG_WARN_STRICT_PROTOTYPES = YES;
				CLANG_WARN_SUSPICIOUS_MOVE = YES;
				CLANG_WARN_UNGUARDED_AVAILABILITY = YES_AGGRESSIVE;
				CLANG_WARN_UNREACHABLE_CODE = YES;
				CLANG_WARN__DUPLICATE_METHOD_MATCH = YES;
				COPY_PHASE_STRIP = NO;
				DEBUG_INFORMATION_FORMAT = dwarf;
				ENABLE_STRICT_OBJC_MSGSEND = YES;
				ENABLE_TESTABILITY = YES;
				GCC_C_LANGUAGE_STANDARD = gnu11;
				GCC_DYNAMIC_NO_PIC = NO;
				GCC_NO_COMMON_BLOCKS = YES;
				GCC_OPTIMIZATION_LEVEL = 0;
				GCC_PREPROCESSOR_DEFINITIONS = (
					"DEBUG=1",
					"$(inherited)",
				);
				GCC_WARN_64_TO_32_BIT_CONVERSION = YES;
				GCC_WARN_ABOUT_RETURN_TYPE = YES_ERROR;
				GCC_WARN_UNDECLARED_SELECTOR = YES;
				GCC_WARN_UNINITIALIZED_AUTOS = YES_AGGRESSIVE;
				GCC_WARN_UNUSED_FUNCTION = YES;
				GCC_WARN_UNUSED_VARIABLE = YES;
				IPHONEOS_DEPLOYMENT_TARGET = 13.0;
				MTL_ENABLE_DEBUG_INFO = INCLUDE_SOURCE;
				MTL_FAST_MATH = YES;
				ONLY_ACTIVE_ARCH = YES;
				SDKROOT = iphoneos;
				SWIFT_ACTIVE_COMPILATION_CONDITIONS = DEBUG;
				SWIFT_OPTIMIZATION_LEVEL = "-Onone";
			};
			name = Debug;
		};
		767D062923414667005D9057 /* Release */ = {
			isa = XCBuildConfiguration;
			buildSettings = {
				ALWAYS_SEARCH_USER_PATHS = NO;
				CLANG_ANALYZER_NONNULL = YES;
				CLANG_ANALYZER_NUMBER_OBJECT_CONVERSION = YES_AGGRESSIVE;
				CLANG_CXX_LANGUAGE_STANDARD = "gnu++14";
				CLANG_CXX_LIBRARY = "libc++";
				CLANG_ENABLE_MODULES = YES;
				CLANG_ENABLE_OBJC_ARC = YES;
				CLANG_ENABLE_OBJC_WEAK = YES;
				CLANG_WARN_BLOCK_CAPTURE_AUTORELEASING = YES;
				CLANG_WARN_BOOL_CONVERSION = YES;
				CLANG_WARN_COMMA = YES;
				CLANG_WARN_CONSTANT_CONVERSION = YES;
				CLANG_WARN_DEPRECATED_OBJC_IMPLEMENTATIONS = YES;
				CLANG_WARN_DIRECT_OBJC_ISA_USAGE = YES_ERROR;
				CLANG_WARN_DOCUMENTATION_COMMENTS = YES;
				CLANG_WARN_EMPTY_BODY = YES;
				CLANG_WARN_ENUM_CONVERSION = YES;
				CLANG_WARN_INFINITE_RECURSION = YES;
				CLANG_WARN_INT_CONVERSION = YES;
				CLANG_WARN_NON_LITERAL_NULL_CONVERSION = YES;
				CLANG_WARN_OBJC_IMPLICIT_RETAIN_SELF = YES;
				CLANG_WARN_OBJC_LITERAL_CONVERSION = YES;
				CLANG_WARN_OBJC_ROOT_CLASS = YES_ERROR;
				CLANG_WARN_RANGE_LOOP_ANALYSIS = YES;
				CLANG_WARN_STRICT_PROTOTYPES = YES;
				CLANG_WARN_SUSPICIOUS_MOVE = YES;
				CLANG_WARN_UNGUARDED_AVAILABILITY = YES_AGGRESSIVE;
				CLANG_WARN_UNREACHABLE_CODE = YES;
				CLANG_WARN__DUPLICATE_METHOD_MATCH = YES;
				COPY_PHASE_STRIP = NO;
				DEBUG_INFORMATION_FORMAT = "dwarf-with-dsym";
				ENABLE_NS_ASSERTIONS = NO;
				ENABLE_STRICT_OBJC_MSGSEND = YES;
				GCC_C_LANGUAGE_STANDARD = gnu11;
				GCC_NO_COMMON_BLOCKS = YES;
				GCC_WARN_64_TO_32_BIT_CONVERSION = YES;
				GCC_WARN_ABOUT_RETURN_TYPE = YES_ERROR;
				GCC_WARN_UNDECLARED_SELECTOR = YES;
				GCC_WARN_UNINITIALIZED_AUTOS = YES_AGGRESSIVE;
				GCC_WARN_UNUSED_FUNCTION = YES;
				GCC_WARN_UNUSED_VARIABLE = YES;
				IPHONEOS_DEPLOYMENT_TARGET = 13.0;
				MTL_ENABLE_DEBUG_INFO = NO;
				MTL_FAST_MATH = YES;
				SDKROOT = iphoneos;
				SWIFT_COMPILATION_MODE = wholemodule;
				SWIFT_OPTIMIZATION_LEVEL = "-O";
				VALIDATE_PRODUCT = YES;
			};
			name = Release;
		};
		767D062B23414667005D9057 /* Debug */ = {
			isa = XCBuildConfiguration;
			baseConfigurationReference = 187F502745C5E358A989E2E8 /* Pods-Swifty Weather.debug.xcconfig */;
			buildSettings = {
				ASSETCATALOG_COMPILER_APPICON_NAME = AppIcon;
				CODE_SIGN_STYLE = Automatic;
				DEVELOPMENT_TEAM = 68NL7XQ986;
				INFOPLIST_FILE = "Swifty Weather/Info.plist";
				LD_RUNPATH_SEARCH_PATHS = (
					"$(inherited)",
					"@executable_path/Frameworks",
				);
				PRODUCT_BUNDLE_IDENTIFIER = "com.AhmedAfifi.Swifty-Weather";
				PRODUCT_NAME = "$(TARGET_NAME)";
				SWIFT_VERSION = 5.0;
				TARGETED_DEVICE_FAMILY = "1,2";
			};
			name = Debug;
		};
		767D062C23414667005D9057 /* Release */ = {
			isa = XCBuildConfiguration;
			baseConfigurationReference = 92CD529F018B1E8C7F9C4C3D /* Pods-Swifty Weather.release.xcconfig */;
			buildSettings = {
				ASSETCATALOG_COMPILER_APPICON_NAME = AppIcon;
				CODE_SIGN_STYLE = Automatic;
				DEVELOPMENT_TEAM = 68NL7XQ986;
				INFOPLIST_FILE = "Swifty Weather/Info.plist";
				LD_RUNPATH_SEARCH_PATHS = (
					"$(inherited)",
					"@executable_path/Frameworks",
				);
				PRODUCT_BUNDLE_IDENTIFIER = "com.AhmedAfifi.Swifty-Weather";
				PRODUCT_NAME = "$(TARGET_NAME)";
				SWIFT_VERSION = 5.0;
				TARGETED_DEVICE_FAMILY = "1,2";
			};
			name = Release;
		};
/* End XCBuildConfiguration section */

/* Begin XCConfigurationList section */
		767D061123414665005D9057 /* Build configuration list for PBXProject "Swifty Weather" */ = {
			isa = XCConfigurationList;
			buildConfigurations = (
				767D062823414667005D9057 /* Debug */,
				767D062923414667005D9057 /* Release */,
			);
			defaultConfigurationIsVisible = 0;
			defaultConfigurationName = Release;
		};
		767D062A23414667005D9057 /* Build configuration list for PBXNativeTarget "Swifty Weather" */ = {
			isa = XCConfigurationList;
			buildConfigurations = (
				767D062B23414667005D9057 /* Debug */,
				767D062C23414667005D9057 /* Release */,
			);
			defaultConfigurationIsVisible = 0;
			defaultConfigurationName = Release;
		};
/* End XCConfigurationList section */
	};
	rootObject = 767D060E23414665005D9057 /* Project object */;
}
